github.com/carlmjohnson/errors v0.0.5 h1:rH0CoGVun7ZIdvKUEqhUr2V0t2UpK8i1kp0Iv7D+2Bg=
github.com/carlmjohnson/errors v0.0.5/go.mod h1:UYcgVkDrp62DKybBUnX993mCAIkw+5OCmq9Msg1RiSM=
github.com/carlmjohnson/flagext v0.0.1 h1:5r8xdcALgCXC/aMpRhELvUszuFi4laZzA6GvVq3GfMA=
github.com/carlmjohnson/flagext v0.0.1/go.mod h1:dg/yd3ze75o3frOmgsPvEG3UnH0pEzdAOx62p6TTuYc=
